{
  "name": "python",
  "lockfileVersion": 2,
  "requires": true,
  "packages": {
    "": {
      "dependencies": {
        "formula": "^3.18.0"
      }
    },
    "node_modules/formula": {
      "version": "3.18.0",
      "resolved": "https://registry.npmjs.org/formula/-/formula-3.18.0.tgz",
      "integrity": "sha512-/olw5p2BwDMD8wqi0+ey1+ZoDQYtlJT/U+IDFsIWMhVMd3RQU9O7gQOAfYAcUOEZ/gnsRhNbntO0ybiW7A36AQ==",
      "dependencies": {
        "jsonpath-plus": "^6.0.1"
      }
    },
    "node_modules/jsonpath-plus": {
      "version": "6.0.1",
      "resolved": "https://registry.npmjs.org/jsonpath-plus/-/jsonpath-plus-6.0.1.tgz",
      "integrity": "sha512-EvGovdvau6FyLexFH2OeXfIITlgIbgZoAZe3usiySeaIDm5QS+A10DKNpaPBBqqRSZr2HN6HVNXxtwUAr2apEw==",
      "engines": {
        "node": ">=10.0.0"
      }
    }
  },
  "dependencies": {
    "formula": {
      "version": "3.18.0",
      "resolved": "https://registry.npmjs.org/formula/-/formula-3.18.0.tgz",
      "integrity": "sha512-/olw5p2BwDMD8wqi0+ey1+ZoDQYtlJT/U+IDFsIWMhVMd3RQU9O7gQOAfYAcUOEZ/gnsRhNbntO0ybiW7A36AQ==",
      "requires": {
        "jsonpath-plus": "^6.0.1"
      }
    },
    "jsonpath-plus": {
      "version": "6.0.1",
      "resolved": "https://registry.npmjs.org/jsonpath-plus/-/jsonpath-plus-6.0.1.tgz",
      "integrity": "sha512-EvGovdvau6FyLexFH2OeXfIITlgIbgZoAZe3usiySeaIDm5QS+A10DKNpaPBBqqRSZr2HN6HVNXxtwUAr2apEw=="
    }
  }
}
